
Microsoft Visual Studio Solution File, Format Version 12.00
# Visual Studio Version 17
VisualStudioVersion = 17.5.002.0
MinimumVisualStudioVersion = 10.0.40219.1
Project("{9A19103F-16F7-4668-BE54-9A1E7A4F7556}") = "supports", "supports.csproj", "{5EC493B9-26CE-4FE7-A57A-69A7BE8F11B9}"
EndProject
Project("{9A19103F-16F7-4668-BE54-9A1E7A4F7556}") = "BlazorApp1", "..\BlazorApp1\BlazorApp1.csproj", "{242C6DB5-57F6-41D2-8788-FD0EBB9658F3}"
EndProject
Global
	GlobalSection(SolutionConfigurationPlatforms) = preSolution
		Debug|Any CPU = Debug|Any CPU
		Release|Any CPU = Release|Any CPU
	EndGlobalSection
	GlobalSection(ProjectConfigurationPlatforms) = postSolution
		{5EC493B9-26CE-4FE7-A57A-69A7BE8F11B9}.Debug|Any CPU.ActiveCfg = Debug|Any CPU
		{5EC493B9-26CE-4FE7-A57A-69A7BE8F11B9}.Debug|Any CPU.Build.0 = Debug|Any CPU
		{5EC493B9-26CE-4FE7-A57A-69A7BE8F11B9}.Release|Any CPU.ActiveCfg = Release|Any CPU
		{5EC493B9-26CE-4FE7-A57A-69A7BE8F11B9}.Release|Any CPU.Build.0 = Release|Any CPU
		{242C6DB5-57F6-41D2-8788-FD0EBB9658F3}.Debug|Any CPU.ActiveCfg = Debug|Any CPU
		{242C6DB5-57F6-41D2-8788-FD0EBB9658F3}.Debug|Any CPU.Build.0 = Debug|Any CPU
		{242C6DB5-57F6-41D2-8788-FD0EBB9658F3}.Release|Any CPU.ActiveCfg = Release|Any CPU
		{242C6DB5-57F6-41D2-8788-FD0EBB9658F3}.Release|Any CPU.Build.0 = Release|Any CPU
	EndGlobalSection
	GlobalSection(SolutionProperties) = preSolution
		HideSolutionNode = FALSE
	EndGlobalSection
	GlobalSection(ExtensibilityGlobals) = postSolution
		SolutionGuid = {5AC37500-21DD-44D2-9EE5-AD1D40E22AF9}
	EndGlobalSection
EndGlobal
